
Microsoft Visual Studio Solution File, Format Version 12.00
# Visual Studio Version 17
Project("{2150E333-8FDC-42A3-9474-1A3956D46DE8}") = "CMakePredefinedTargets", "CMakePredefinedTargets", "{FAAAEE4C-55CE-3139-A572-D890DC038D98}"
EndProject
Project("{2150E333-8FDC-42A3-9474-1A3956D46DE8}") = "GLFW3", "GLFW3", "{2C90287F-E2D0-345D-A612-8FBF5BDE20FF}"
EndProject
Project("{2150E333-8FDC-42A3-9474-1A3956D46DE8}") = "Examples", "GLFW3\Examples", "{947BD56F-43D0-3AAE-A9B9-01E337E32B66}"
EndProject
Project("{2150E333-8FDC-42A3-9474-1A3956D46DE8}") = "Tests", "GLFW3\Tests", "{E2849ACF-6BAE-3726-8294-2BCB3A2ADD5B}"
EndProject
Project("{8BC9CEB8-8B4A-11D0-8D11-00A0C91BC942}") = "ALL_BUILD", "ALL_BUILD.vcxproj", "{3EE47302-61A1-3706-85BB-3073A2E8BC1C}"
	ProjectSection(ProjectDependencies) = postProject
		{06CC7445-596C-3073-983A-97234FFE3CF2} = {06CC7445-596C-3073-983A-97234FFE3CF2}
		{94AA0F68-E91B-3FAC-9FC0-2E8539346E7C} = {94AA0F68-E91B-3FAC-9FC0-2E8539346E7C}
		{8D0BD263-3C77-334C-A32D-BE59440C24DB} = {8D0BD263-3C77-334C-A32D-BE59440C24DB}
		{DEDF13A8-4E63-3AFA-8C7A-D05B5828BC54} = {DEDF13A8-4E63-3AFA-8C7A-D05B5828BC54}
		{354D9943-750F-3682-AC93-B516EE160CB6} = {354D9943-750F-3682-AC93-B516EE160CB6}
		{D6C88B59-C17E-31EE-A38E-E9E2C2883ECF} = {D6C88B59-C17E-31EE-A38E-E9E2C2883ECF}
		{89747938-F6E9-3D8C-AB6A-DC9E0CF5C90D} = {89747938-F6E9-3D8C-AB6A-DC9E0CF5C90D}
		{BB889994-85D9-37B8-B180-B90E2041B45C} = {BB889994-85D9-37B8-B180-B90E2041B45C}
		{7105138F-415C-3D17-9BE6-AA7EB9A6AD1E} = {7105138F-415C-3D17-9BE6-AA7EB9A6AD1E}
		{F9F823D3-5820-3552-A1A7-C7C2C6C73DFA} = {F9F823D3-5820-3552-A1A7-C7C2C6C73DFA}
		{0DBB8326-396B-343D-BB38-AE28D32A9E86} = {0DBB8326-396B-343D-BB38-AE28D32A9E86}
		{1DA3DD6B-F945-3FB6-9240-B36E279FBCD6} = {1DA3DD6B-F945-3FB6-9240-B36E279FBCD6}
		{7EEC1DA2-CCD6-3A22-8BFD-BF017991C5EE} = {7EEC1DA2-CCD6-3A22-8BFD-BF017991C5EE}
		{BBE3C670-5AA9-3964-97CD-0634D9BBBFD4} = {BBE3C670-5AA9-3964-97CD-0634D9BBBFD4}
		{E8B928F4-23F4-35B8-B46F-7F9419A174F2} = {E8B928F4-23F4-35B8-B46F-7F9419A174F2}
		{08D86F90-0B68-3204-86F1-7571D240D6F6} = {08D86F90-0B68-3204-86F1-7571D240D6F6}
		{5F82A123-93A7-3F7F-B2B4-E8AA6BB9DB44} = {5F82A123-93A7-3F7F-B2B4-E8AA6BB9DB44}
		{4916E42B-3CAB-3AB0-A36B-36018ED03D4A} = {4916E42B-3CAB-3AB0-A36B-36018ED03D4A}
		{F57EF460-62EE-3438-81E7-170FCBB4A707} = {F57EF460-62EE-3438-81E7-170FCBB4A707}
		{532ECE11-97EC-3674-8745-166393287418} = {532ECE11-97EC-3674-8745-166393287418}
		{27855CEA-6A5F-313D-90B9-347E0986987F} = {27855CEA-6A5F-313D-90B9-347E0986987F}
		{8E492A1A-77C4-344D-BBA4-AF4369CFCE4D} = {8E492A1A-77C4-344D-BBA4-AF4369CFCE4D}
		{C0D2E958-E596-3025-A9B3-011F95083D4B} = {C0D2E958-E596-3025-A9B3-011F95083D4B}
		{EFA0C637-E5D6-3C13-BECA-0DF4D0A5B7E9} = {EFA0C637-E5D6-3C13-BECA-0DF4D0A5B7E9}
		{550C3A81-65F0-37B3-8E17-AB553852EC4C} = {550C3A81-65F0-37B3-8E17-AB553852EC4C}
		{4F649E6E-C47D-3165-9D75-953C9B2FFE64} = {4F649E6E-C47D-3165-9D75-953C9B2FFE64}
		{672332A7-2C68-354C-9012-A48F21CD0F12} = {672332A7-2C68-354C-9012-A48F21CD0F12}
		{3005B1C9-758B-3BAF-A508-0CE01291F422} = {3005B1C9-758B-3BAF-A508-0CE01291F422}
		{B180BCB1-A975-35FD-A239-077C69D7773C} = {B180BCB1-A975-35FD-A239-077C69D7773C}
		{FDE06CF7-6543-3A08-A228-F049A6DF67A1} = {FDE06CF7-6543-3A08-A228-F049A6DF67A1}
		{0A444004-87BF-30F1-9CBE-A249659BEE58} = {0A444004-87BF-30F1-9CBE-A249659BEE58}
	EndProjectSection
EndProject
Project("{8BC9CEB8-8B4A-11D0-8D11-00A0C91BC942}") = "INSTALL", "INSTALL.vcxproj", "{DA2F93A0-61CC-3857-9092-A8944740E449}"
	ProjectSection(ProjectDependencies) = postProject
		{3EE47302-61A1-3706-85BB-3073A2E8BC1C} = {3EE47302-61A1-3706-85BB-3073A2E8BC1C}
		{06CC7445-596C-3073-983A-97234FFE3CF2} = {06CC7445-596C-3073-983A-97234FFE3CF2}
	EndProjectSection
EndProject
Project("{8BC9CEB8-8B4A-11D0-8D11-00A0C91BC942}") = "ZERO_CHECK", "ZERO_CHECK.vcxproj", "{06CC7445-596C-3073-983A-97234FFE3CF2}"
	ProjectSection(ProjectDependencies) = postProject
	EndProjectSection
EndProject
Project("{8BC9CEB8-8B4A-11D0-8D11-00A0C91BC942}") = "boing", "examples\boing.vcxproj", "{94AA0F68-E91B-3FAC-9FC0-2E8539346E7C}"
	ProjectSection(ProjectDependencies) = postProject
		{06CC7445-596C-3073-983A-97234FFE3CF2} = {06CC7445-596C-3073-983A-97234FFE3CF2}
		{7105138F-415C-3D17-9BE6-AA7EB9A6AD1E} = {7105138F-415C-3D17-9BE6-AA7EB9A6AD1E}
	EndProjectSection
EndProject
Project("{8BC9CEB8-8B4A-11D0-8D11-00A0C91BC942}") = "clipboard", "tests\clipboard.vcxproj", "{8D0BD263-3C77-334C-A32D-BE59440C24DB}"
	ProjectSection(ProjectDependencies) = postProject
		{06CC7445-596C-3073-983A-97234FFE3CF2} = {06CC7445-596C-3073-983A-97234FFE3CF2}
		{7105138F-415C-3D17-9BE6-AA7EB9A6AD1E} = {7105138F-415C-3D17-9BE6-AA7EB9A6AD1E}
	EndProjectSection
EndProject
Project("{8BC9CEB8-8B4A-11D0-8D11-00A0C91BC942}") = "cursor", "tests\cursor.vcxproj", "{DEDF13A8-4E63-3AFA-8C7A-D05B5828BC54}"
	ProjectSection(ProjectDependencies) = postProject
		{06CC7445-596C-3073-983A-97234FFE3CF2} = {06CC7445-596C-3073-983A-97234FFE3CF2}
		{7105138F-415C-3D17-9BE6-AA7EB9A6AD1E} = {7105138F-415C-3D17-9BE6-AA7EB9A6AD1E}
	EndProjectSection
EndProject
Project("{8BC9CEB8-8B4A-11D0-8D11-00A0C91BC942}") = "empty", "tests\empty.vcxproj", "{354D9943-750F-3682-AC93-B516EE160CB6}"
	ProjectSection(ProjectDependencies) = postProject
		{06CC7445-596C-3073-983A-97234FFE3CF2} = {06CC7445-596C-3073-983A-97234FFE3CF2}
		{7105138F-415C-3D17-9BE6-AA7EB9A6AD1E} = {7105138F-415C-3D17-9BE6-AA7EB9A6AD1E}
	EndProjectSection
EndProject
Project("{8BC9CEB8-8B4A-11D0-8D11-00A0C91BC942}") = "events", "tests\events.vcxproj", "{D6C88B59-C17E-31EE-A38E-E9E2C2883ECF}"
	ProjectSection(ProjectDependencies) = postProject
		{06CC7445-596C-3073-983A-97234FFE3CF2} = {06CC7445-596C-3073-983A-97234FFE3CF2}
		{7105138F-415C-3D17-9BE6-AA7EB9A6AD1E} = {7105138F-415C-3D17-9BE6-AA7EB9A6AD1E}
	EndProjectSection
EndProject
Project("{8BC9CEB8-8B4A-11D0-8D11-00A0C91BC942}") = "gamma", "tests\gamma.vcxproj", "{89747938-F6E9-3D8C-AB6A-DC9E0CF5C90D}"
	ProjectSection(ProjectDependencies) = postProject
		{06CC7445-596C-3073-983A-97234FFE3CF2} = {06CC7445-596C-3073-983A-97234FFE3CF2}
		{7105138F-415C-3D17-9BE6-AA7EB9A6AD1E} = {7105138F-415C-3D17-9BE6-AA7EB9A6AD1E}
	EndProjectSection
EndProject
Project("{8BC9CEB8-8B4A-11D0-8D11-00A0C91BC942}") = "gears", "examples\gears.vcxproj", "{BB889994-85D9-37B8-B180-B90E2041B45C}"
	ProjectSection(ProjectDependencies) = postProject
		{06CC7445-596C-3073-983A-97234FFE3CF2} = {06CC7445-596C-3073-983A-97234FFE3CF2}
		{7105138F-415C-3D17-9BE6-AA7EB9A6AD1E} = {7105138F-415C-3D17-9BE6-AA7EB9A6AD1E}
	EndProjectSection
EndProject
Project("{8BC9CEB8-8B4A-11D0-8D11-00A0C91BC942}") = "glfw", "src\glfw.vcxproj", "{7105138F-415C-3D17-9BE6-AA7EB9A6AD1E}"
	ProjectSection(ProjectDependencies) = postProject
		{06CC7445-596C-3073-983A-97234FFE3CF2} = {06CC7445-596C-3073-983A-97234FFE3CF2}
	EndProjectSection
EndProject
Project("{8BC9CEB8-8B4A-11D0-8D11-00A0C91BC942}") = "glfwinfo", "tests\glfwinfo.vcxproj", "{F9F823D3-5820-3552-A1A7-C7C2C6C73DFA}"
	ProjectSection(ProjectDependencies) = postProject
		{06CC7445-596C-3073-983A-97234FFE3CF2} = {06CC7445-596C-3073-983A-97234FFE3CF2}
		{7105138F-415C-3D17-9BE6-AA7EB9A6AD1E} = {7105138F-415C-3D17-9BE6-AA7EB9A6AD1E}
	EndProjectSection
EndProject
Project("{8BC9CEB8-8B4A-11D0-8D11-00A0C91BC942}") = "heightmap", "examples\heightmap.vcxproj", "{0DBB8326-396B-343D-BB38-AE28D32A9E86}"
	ProjectSection(ProjectDependencies) = postProject
		{06CC7445-596C-3073-983A-97234FFE3CF2} = {06CC7445-596C-3073-983A-97234FFE3CF2}
		{7105138F-415C-3D17-9BE6-AA7EB9A6AD1E} = {7105138F-415C-3D17-9BE6-AA7EB9A6AD1E}
	EndProjectSection
EndProject
Project("{8BC9CEB8-8B4A-11D0-8D11-00A0C91BC942}") = "icon", "tests\icon.vcxproj", "{1DA3DD6B-F945-3FB6-9240-B36E279FBCD6}"
	ProjectSection(ProjectDependencies) = postProject
		{06CC7445-596C-3073-983A-97234FFE3CF2} = {06CC7445-596C-3073-983A-97234FFE3CF2}
		{7105138F-415C-3D17-9BE6-AA7EB9A6AD1E} = {7105138F-415C-3D17-9BE6-AA7EB9A6AD1E}
	EndProjectSection
EndProject
Project("{8BC9CEB8-8B4A-11D0-8D11-00A0C91BC942}") = "iconify", "tests\iconify.vcxproj", "{7EEC1DA2-CCD6-3A22-8BFD-BF017991C5EE}"
	ProjectSection(ProjectDependencies) = postProject
		{06CC7445-596C-3073-983A-97234FFE3CF2} = {06CC7445-596C-3073-983A-97234FFE3CF2}
		{7105138F-415C-3D17-9BE6-AA7EB9A6AD1E} = {7105138F-415C-3D17-9BE6-AA7EB9A6AD1E}
	EndProjectSection
EndProject
Project("{8BC9CEB8-8B4A-11D0-8D11-00A0C91BC942}") = "inputlag", "tests\inputlag.vcxproj", "{BBE3C670-5AA9-3964-97CD-0634D9BBBFD4}"
	ProjectSection(ProjectDependencies) = postProject
		{06CC7445-596C-3073-983A-97234FFE3CF2} = {06CC7445-596C-3073-983A-97234FFE3CF2}
		{7105138F-415C-3D17-9BE6-AA7EB9A6AD1E} = {7105138F-415C-3D17-9BE6-AA7EB9A6AD1E}
	EndProjectSection
EndProject
Project("{8BC9CEB8-8B4A-11D0-8D11-00A0C91BC942}") = "joysticks", "tests\joysticks.vcxproj", "{E8B928F4-23F4-35B8-B46F-7F9419A174F2}"
	ProjectSection(ProjectDependencies) = postProject
		{06CC7445-596C-3073-983A-97234FFE3CF2} = {06CC7445-596C-3073-983A-97234FFE3CF2}
		{7105138F-415C-3D17-9BE6-AA7EB9A6AD1E} = {7105138F-415C-3D17-9BE6-AA7EB9A6AD1E}
	EndProjectSection
EndProject
Project("{8BC9CEB8-8B4A-11D0-8D11-00A0C91BC942}") = "monitors", "tests\monitors.vcxproj", "{08D86F90-0B68-3204-86F1-7571D240D6F6}"
	ProjectSection(ProjectDependencies) = postProject
		{06CC7445-596C-3073-983A-97234FFE3CF2} = {06CC7445-596C-3073-983A-97234FFE3CF2}
		{7105138F-415C-3D17-9BE6-AA7EB9A6AD1E} = {7105138F-415C-3D17-9BE6-AA7EB9A6AD1E}
	EndProjectSection
EndProject
Project("{8BC9CEB8-8B4A-11D0-8D11-00A0C91BC942}") = "msaa", "tests\msaa.vcxproj", "{5F82A123-93A7-3F7F-B2B4-E8AA6BB9DB44}"
	ProjectSection(ProjectDependencies) = postProject
		{06CC7445-596C-3073-983A-97234FFE3CF2} = {06CC7445-596C-3073-983A-97234FFE3CF2}
		{7105138F-415C-3D17-9BE6-AA7EB9A6AD1E} = {7105138F-415C-3D17-9BE6-AA7EB9A6AD1E}
	EndProjectSection
EndProject
Project("{8BC9CEB8-8B4A-11D0-8D11-00A0C91BC942}") = "offscreen", "examples\offscreen.vcxproj", "{4916E42B-3CAB-3AB0-A36B-36018ED03D4A}"
	ProjectSection(ProjectDependencies) = postProject
		{06CC7445-596C-3073-983A-97234FFE3CF2} = {06CC7445-596C-3073-983A-97234FFE3CF2}
		{7105138F-415C-3D17-9BE6-AA7EB9A6AD1E} = {7105138F-415C-3D17-9BE6-AA7EB9A6AD1E}
	EndProjectSection
EndProject
Project("{8BC9CEB8-8B4A-11D0-8D11-00A0C91BC942}") = "opacity", "tests\opacity.vcxproj", "{F57EF460-62EE-3438-81E7-170FCBB4A707}"
	ProjectSection(ProjectDependencies) = postProject
		{06CC7445-596C-3073-983A-97234FFE3CF2} = {06CC7445-596C-3073-983A-97234FFE3CF2}
		{7105138F-415C-3D17-9BE6-AA7EB9A6AD1E} = {7105138F-415C-3D17-9BE6-AA7EB9A6AD1E}
	EndProjectSection
EndProject
Project("{8BC9CEB8-8B4A-11D0-8D11-00A0C91BC942}") = "particles", "examples\particles.vcxproj", "{532ECE11-97EC-3674-8745-166393287418}"
	ProjectSection(ProjectDependencies) = postProject
		{06CC7445-596C-3073-983A-97234FFE3CF2} = {06CC7445-596C-3073-983A-97234FFE3CF2}
		{7105138F-415C-3D17-9BE6-AA7EB9A6AD1E} = {7105138F-415C-3D17-9BE6-AA7EB9A6AD1E}
	EndProjectSection
EndProject
Project("{8BC9CEB8-8B4A-11D0-8D11-00A0C91BC942}") = "reopen", "tests\reopen.vcxproj", "{27855CEA-6A5F-313D-90B9-347E0986987F}"
	ProjectSection(ProjectDependencies) = postProject
		{06CC7445-596C-3073-983A-97234FFE3CF2} = {06CC7445-596C-3073-983A-97234FFE3CF2}
		{7105138F-415C-3D17-9BE6-AA7EB9A6AD1E} = {7105138F-415C-3D17-9BE6-AA7EB9A6AD1E}
	EndProjectSection
EndProject
Project("{8BC9CEB8-8B4A-11D0-8D11-00A0C91BC942}") = "sharing", "examples\sharing.vcxproj", "{8E492A1A-77C4-344D-BBA4-AF4369CFCE4D}"
	ProjectSection(ProjectDependencies) = postProject
		{06CC7445-596C-3073-983A-97234FFE3CF2} = {06CC7445-596C-3073-983A-97234FFE3CF2}
		{7105138F-415C-3D17-9BE6-AA7EB9A6AD1E} = {7105138F-415C-3D17-9BE6-AA7EB9A6AD1E}
	EndProjectSection
EndProject
Project("{8BC9CEB8-8B4A-11D0-8D11-00A0C91BC942}") = "simple", "examples\simple.vcxproj", "{C0D2E958-E596-3025-A9B3-011F95083D4B}"
	ProjectSection(ProjectDependencies) = postProject
		{06CC7445-596C-3073-983A-97234FFE3CF2} = {06CC7445-596C-3073-983A-97234FFE3CF2}
		{7105138F-415C-3D17-9BE6-AA7EB9A6AD1E} = {7105138F-415C-3D17-9BE6-AA7EB9A6AD1E}
	EndProjectSection
EndProject
Project("{8BC9CEB8-8B4A-11D0-8D11-00A0C91BC942}") = "splitview", "examples\splitview.vcxproj", "{EFA0C637-E5D6-3C13-BECA-0DF4D0A5B7E9}"
	ProjectSection(ProjectDependencies) = postProject
		{06CC7445-596C-3073-983A-97234FFE3CF2} = {06CC7445-596C-3073-983A-97234FFE3CF2}
		{7105138F-415C-3D17-9BE6-AA7EB9A6AD1E} = {7105138F-415C-3D17-9BE6-AA7EB9A6AD1E}
	EndProjectSection
EndProject
Project("{8BC9CEB8-8B4A-11D0-8D11-00A0C91BC942}") = "tearing", "tests\tearing.vcxproj", "{550C3A81-65F0-37B3-8E17-AB553852EC4C}"
	ProjectSection(ProjectDependencies) = postProject
		{06CC7445-596C-3073-983A-97234FFE3CF2} = {06CC7445-596C-3073-983A-97234FFE3CF2}
		{7105138F-415C-3D17-9BE6-AA7EB9A6AD1E} = {7105138F-415C-3D17-9BE6-AA7EB9A6AD1E}
	EndProjectSection
EndProject
Project("{8BC9CEB8-8B4A-11D0-8D11-00A0C91BC942}") = "threads", "tests\threads.vcxproj", "{4F649E6E-C47D-3165-9D75-953C9B2FFE64}"
	ProjectSection(ProjectDependencies) = postProject
		{06CC7445-596C-3073-983A-97234FFE3CF2} = {06CC7445-596C-3073-983A-97234FFE3CF2}
		{7105138F-415C-3D17-9BE6-AA7EB9A6AD1E} = {7105138F-415C-3D17-9BE6-AA7EB9A6AD1E}
	EndProjectSection
EndProject
Project("{8BC9CEB8-8B4A-11D0-8D11-00A0C91BC942}") = "timeout", "tests\timeout.vcxproj", "{672332A7-2C68-354C-9012-A48F21CD0F12}"
	ProjectSection(ProjectDependencies) = postProject
		{06CC7445-596C-3073-983A-97234FFE3CF2} = {06CC7445-596C-3073-983A-97234FFE3CF2}
		{7105138F-415C-3D17-9BE6-AA7EB9A6AD1E} = {7105138F-415C-3D17-9BE6-AA7EB9A6AD1E}
	EndProjectSection
EndProject
Project("{8BC9CEB8-8B4A-11D0-8D11-00A0C91BC942}") = "title", "tests\title.vcxproj", "{3005B1C9-758B-3BAF-A508-0CE01291F422}"
	ProjectSection(ProjectDependencies) = postProject
		{06CC7445-596C-3073-983A-97234FFE3CF2} = {06CC7445-596C-3073-983A-97234FFE3CF2}
		{7105138F-415C-3D17-9BE6-AA7EB9A6AD1E} = {7105138F-415C-3D17-9BE6-AA7EB9A6AD1E}
	EndProjectSection
EndProject
Project("{8BC9CEB8-8B4A-11D0-8D11-00A0C91BC942}") = "triangle-vulkan", "tests\triangle-vulkan.vcxproj", "{B180BCB1-A975-35FD-A239-077C69D7773C}"
	ProjectSection(ProjectDependencies) = postProject
		{06CC7445-596C-3073-983A-97234FFE3CF2} = {06CC7445-596C-3073-983A-97234FFE3CF2}
		{7105138F-415C-3D17-9BE6-AA7EB9A6AD1E} = {7105138F-415C-3D17-9BE6-AA7EB9A6AD1E}
	EndProjectSection
EndProject
Project("{8BC9CEB8-8B4A-11D0-8D11-00A0C91BC942}") = "uninstall", "uninstall.vcxproj", "{4377A07D-C982-319E-A4D9-23B79216C356}"
	ProjectSection(ProjectDependencies) = postProject
		{06CC7445-596C-3073-983A-97234FFE3CF2} = {06CC7445-596C-3073-983A-97234FFE3CF2}
	EndProjectSection
EndProject
Project("{8BC9CEB8-8B4A-11D0-8D11-00A0C91BC942}") = "update_mappings", "src\update_mappings.vcxproj", "{83BA388B-E8BF-3B0C-A093-589052D4F1E6}"
	ProjectSection(ProjectDependencies) = postProject
		{06CC7445-596C-3073-983A-97234FFE3CF2} = {06CC7445-596C-3073-983A-97234FFE3CF2}
	EndProjectSection
EndProject
Project("{8BC9CEB8-8B4A-11D0-8D11-00A0C91BC942}") = "wave", "examples\wave.vcxproj", "{FDE06CF7-6543-3A08-A228-F049A6DF67A1}"
	ProjectSection(ProjectDependencies) = postProject
		{06CC7445-596C-3073-983A-97234FFE3CF2} = {06CC7445-596C-3073-983A-97234FFE3CF2}
		{7105138F-415C-3D17-9BE6-AA7EB9A6AD1E} = {7105138F-415C-3D17-9BE6-AA7EB9A6AD1E}
	EndProjectSection
EndProject
Project("{8BC9CEB8-8B4A-11D0-8D11-00A0C91BC942}") = "windows", "tests\windows.vcxproj", "{0A444004-87BF-30F1-9CBE-A249659BEE58}"
	ProjectSection(ProjectDependencies) = postProject
		{06CC7445-596C-3073-983A-97234FFE3CF2} = {06CC7445-596C-3073-983A-97234FFE3CF2}
		{7105138F-415C-3D17-9BE6-AA7EB9A6AD1E} = {7105138F-415C-3D17-9BE6-AA7EB9A6AD1E}
	EndProjectSection
EndProject
Global
	GlobalSection(SolutionConfigurationPlatforms) = preSolution
		Debug|x64 = Debug|x64
		Release|x64 = Release|x64
		MinSizeRel|x64 = MinSizeRel|x64
		RelWithDebInfo|x64 = RelWithDebInfo|x64
	EndGlobalSection
	GlobalSection(ProjectConfigurationPlatforms) = postSolution
		{3EE47302-61A1-3706-85BB-3073A2E8BC1C}.Debug|x64.ActiveCfg = Debug|x64
		{3EE47302-61A1-3706-85BB-3073A2E8BC1C}.Debug|x64.Build.0 = Debug|x64
		{3EE47302-61A1-3706-85BB-3073A2E8BC1C}.Release|x64.ActiveCfg = Release|x64
		{3EE47302-61A1-3706-85BB-3073A2E8BC1C}.Release|x64.Build.0 = Release|x64
		{3EE47302-61A1-3706-85BB-3073A2E8BC1C}.MinSizeRel|x64.ActiveCfg = MinSizeRel|x64
		{3EE47302-61A1-3706-85BB-3073A2E8BC1C}.MinSizeRel|x64.Build.0 = MinSizeRel|x64
		{3EE47302-61A1-3706-85BB-3073A2E8BC1C}.RelWithDebInfo|x64.ActiveCfg = RelWithDebInfo|x64
		{3EE47302-61A1-3706-85BB-3073A2E8BC1C}.RelWithDebInfo|x64.Build.0 = RelWithDebInfo|x64
		{DA2F93A0-61CC-3857-9092-A8944740E449}.Debug|x64.ActiveCfg = Debug|x64
		{DA2F93A0-61CC-3857-9092-A8944740E449}.Release|x64.ActiveCfg = Release|x64
		{DA2F93A0-61CC-3857-9092-A8944740E449}.MinSizeRel|x64.ActiveCfg = MinSizeRel|x64
		{DA2F93A0-61CC-3857-9092-A8944740E449}.RelWithDebInfo|x64.ActiveCfg = RelWithDebInfo|x64
		{06CC7445-596C-3073-983A-97234FFE3CF2}.Debug|x64.ActiveCfg = Debug|x64
		{06CC7445-596C-3073-983A-97234FFE3CF2}.Debug|x64.Build.0 = Debug|x64
		{06CC7445-596C-3073-983A-97234FFE3CF2}.Release|x64.ActiveCfg = Release|x64
		{06CC7445-596C-3073-983A-97234FFE3CF2}.Release|x64.Build.0 = Release|x64
		{06CC7445-596C-3073-983A-97234FFE3CF2}.MinSizeRel|x64.ActiveCfg = MinSizeRel|x64
		{06CC7445-596C-3073-983A-97234FFE3CF2}.MinSizeRel|x64.Build.0 = MinSizeRel|x64
		{06CC7445-596C-3073-983A-97234FFE3CF2}.RelWithDebInfo|x64.ActiveCfg = RelWithDebInfo|x64
		{06CC7445-596C-3073-983A-97234FFE3CF2}.RelWithDebInfo|x64.Build.0 = RelWithDebInfo|x64
		{94AA0F68-E91B-3FAC-9FC0-2E8539346E7C}.Debug|x64.ActiveCfg = Debug|x64
		{94AA0F68-E91B-3FAC-9FC0-2E8539346E7C}.Debug|x64.Build.0 = Debug|x64
		{94AA0F68-E91B-3FAC-9FC0-2E8539346E7C}.Release|x64.ActiveCfg = Release|x64
		{94AA0F68-E91B-3FAC-9FC0-2E8539346E7C}.Release|x64.Build.0 = Release|x64
		{94AA0F68-E91B-3FAC-9FC0-2E8539346E7C}.MinSizeRel|x64.ActiveCfg = MinSizeRel|x64
		{94AA0F68-E91B-3FAC-9FC0-2E8539346E7C}.MinSizeRel|x64.Build.0 = MinSizeRel|x64
		{94AA0F68-E91B-3FAC-9FC0-2E8539346E7C}.RelWithDebInfo|x64.ActiveCfg = RelWithDebInfo|x64
		{94AA0F68-E91B-3FAC-9FC0-2E8539346E7C}.RelWithDebInfo|x64.Build.0 = RelWithDebInfo|x64
		{8D0BD263-3C77-334C-A32D-BE59440C24DB}.Debug|x64.ActiveCfg = Debug|x64
		{8D0BD263-3C77-334C-A32D-BE59440C24DB}.Debug|x64.Build.0 = Debug|x64
		{8D0BD263-3C77-334C-A32D-BE59440C24DB}.Release|x64.ActiveCfg = Release|x64
		{8D0BD263-3C77-334C-A32D-BE59440C24DB}.Release|x64.Build.0 = Release|x64
		{8D0BD263-3C77-334C-A32D-BE59440C24DB}.MinSizeRel|x64.ActiveCfg = MinSizeRel|x64
		{8D0BD263-3C77-334C-A32D-BE59440C24DB}.MinSizeRel|x64.Build.0 = MinSizeRel|x64
		{8D0BD263-3C77-334C-A32D-BE59440C24DB}.RelWithDebInfo|x64.ActiveCfg = RelWithDebInfo|x64
		{8D0BD263-3C77-334C-A32D-BE59440C24DB}.RelWithDebInfo|x64.Build.0 = RelWithDebInfo|x64
		{DEDF13A8-4E63-3AFA-8C7A-D05B5828BC54}.Debug|x64.ActiveCfg = Debug|x64
		{DEDF13A8-4E63-3AFA-8C7A-D05B5828BC54}.Debug|x64.Build.0 = Debug|x64
		{DEDF13A8-4E63-3AFA-8C7A-D05B5828BC54}.Release|x64.ActiveCfg = Release|x64
		{DEDF13A8-4E63-3AFA-8C7A-D05B5828BC54}.Release|x64.Build.0 = Release|x64
		{DEDF13A8-4E63-3AFA-8C7A-D05B5828BC54}.MinSizeRel|x64.ActiveCfg = MinSizeRel|x64
		{DEDF13A8-4E63-3AFA-8C7A-D05B5828BC54}.MinSizeRel|x64.Build.0 = MinSizeRel|x64
		{DEDF13A8-4E63-3AFA-8C7A-D05B5828BC54}.RelWithDebInfo|x64.ActiveCfg = RelWithDebInfo|x64
		{DEDF13A8-4E63-3AFA-8C7A-D05B5828BC54}.RelWithDebInfo|x64.Build.0 = RelWithDebInfo|x64
		{354D9943-750F-3682-AC93-B516EE160CB6}.Debug|x64.ActiveCfg = Debug|x64
		{354D9943-750F-3682-AC93-B516EE160CB6}.Debug|x64.Build.0 = Debug|x64
		{354D9943-750F-3682-AC93-B516EE160CB6}.Release|x64.ActiveCfg = Release|x64
		{354D9943-750F-3682-AC93-B516EE160CB6}.Release|x64.Build.0 = Release|x64
		{354D9943-750F-3682-AC93-B516EE160CB6}.MinSizeRel|x64.ActiveCfg = MinSizeRel|x64
		{354D9943-750F-3682-AC93-B516EE160CB6}.MinSizeRel|x64.Build.0 = MinSizeRel|x64
		{354D9943-750F-3682-AC93-B516EE160CB6}.RelWithDebInfo|x64.ActiveCfg = RelWithDebInfo|x64
		{354D9943-750F-3682-AC93-B516EE160CB6}.RelWithDebInfo|x64.Build.0 = RelWithDebInfo|x64
		{D6C88B59-C17E-31EE-A38E-E9E2C2883ECF}.Debug|x64.ActiveCfg = Debug|x64
		{D6C88B59-C17E-31EE-A38E-E9E2C2883ECF}.Debug|x64.Build.0 = Debug|x64
		{D6C88B59-C17E-31EE-A38E-E9E2C2883ECF}.Release|x64.ActiveCfg = Release|x64
		{D6C88B59-C17E-31EE-A38E-E9E2C2883ECF}.Release|x64.Build.0 = Release|x64
		{D6C88B59-C17E-31EE-A38E-E9E2C2883ECF}.MinSizeRel|x64.ActiveCfg = MinSizeRel|x64
		{D6C88B59-C17E-31EE-A38E-E9E2C2883ECF}.MinSizeRel|x64.Build.0 = MinSizeRel|x64
		{D6C88B59-C17E-31EE-A38E-E9E2C2883ECF}.RelWithDebInfo|x64.ActiveCfg = RelWithDebInfo|x64
		{D6C88B59-C17E-31EE-A38E-E9E2C2883ECF}.RelWithDebInfo|x64.Build.0 = RelWithDebInfo|x64
		{89747938-F6E9-3D8C-AB6A-DC9E0CF5C90D}.Debug|x64.ActiveCfg = Debug|x64
		{89747938-F6E9-3D8C-AB6A-DC9E0CF5C90D}.Debug|x64.Build.0 = Debug|x64
		{89747938-F6E9-3D8C-AB6A-DC9E0CF5C90D}.Release|x64.ActiveCfg = Release|x64
		{89747938-F6E9-3D8C-AB6A-DC9E0CF5C90D}.Release|x64.Build.0 = Release|x64
		{89747938-F6E9-3D8C-AB6A-DC9E0CF5C90D}.MinSizeRel|x64.ActiveCfg = MinSizeRel|x64
		{89747938-F6E9-3D8C-AB6A-DC9E0CF5C90D}.MinSizeRel|x64.Build.0 = MinSizeRel|x64
		{89747938-F6E9-3D8C-AB6A-DC9E0CF5C90D}.RelWithDebInfo|x64.ActiveCfg = RelWithDebInfo|x64
		{89747938-F6E9-3D8C-AB6A-DC9E0CF5C90D}.RelWithDebInfo|x64.Build.0 = RelWithDebInfo|x64
		{BB889994-85D9-37B8-B180-B90E2041B45C}.Debug|x64.ActiveCfg = Debug|x64
		{BB889994-85D9-37B8-B180-B90E2041B45C}.Debug|x64.Build.0 = Debug|x64
		{BB889994-85D9-37B8-B180-B90E2041B45C}.Release|x64.ActiveCfg = Release|x64
		{BB889994-85D9-37B8-B180-B90E2041B45C}.Release|x64.Build.0 = Release|x64
		{BB889994-85D9-37B8-B180-B90E2041B45C}.MinSizeRel|x64.ActiveCfg = MinSizeRel|x64
		{BB889994-85D9-37B8-B180-B90E2041B45C}.MinSizeRel|x64.Build.0 = MinSizeRel|x64
		{BB889994-85D9-37B8-B180-B90E2041B45C}.RelWithDebInfo|x64.ActiveCfg = RelWithDebInfo|x64
		{BB889994-85D9-37B8-B180-B90E2041B45C}.RelWithDebInfo|x64.Build.0 = RelWithDebInfo|x64
		{7105138F-415C-3D17-9BE6-AA7EB9A6AD1E}.Debug|x64.ActiveCfg = Debug|x64
		{7105138F-415C-3D17-9BE6-AA7EB9A6AD1E}.Debug|x64.Build.0 = Debug|x64
		{7105138F-415C-3D17-9BE6-AA7EB9A6AD1E}.Release|x64.ActiveCfg = Release|x64
		{7105138F-415C-3D17-9BE6-AA7EB9A6AD1E}.Release|x64.Build.0 = Release|x64
		{7105138F-415C-3D17-9BE6-AA7EB9A6AD1E}.MinSizeRel|x64.ActiveCfg = MinSizeRel|x64
		{7105138F-415C-3D17-9BE6-AA7EB9A6AD1E}.MinSizeRel|x64.Build.0 = MinSizeRel|x64
		{7105138F-415C-3D17-9BE6-AA7EB9A6AD1E}.RelWithDebInfo|x64.ActiveCfg = RelWithDebInfo|x64
		{7105138F-415C-3D17-9BE6-AA7EB9A6AD1E}.RelWithDebInfo|x64.Build.0 = RelWithDebInfo|x64
		{F9F823D3-5820-3552-A1A7-C7C2C6C73DFA}.Debug|x64.ActiveCfg = Debug|x64
		{F9F823D3-5820-3552-A1A7-C7C2C6C73DFA}.Debug|x64.Build.0 = Debug|x64
		{F9F823D3-5820-3552-A1A7-C7C2C6C73DFA}.Release|x64.ActiveCfg = Release|x64
		{F9F823D3-5820-3552-A1A7-C7C2C6C73DFA}.Release|x64.Build.0 = Release|x64
		{F9F823D3-5820-3552-A1A7-C7C2C6C73DFA}.MinSizeRel|x64.ActiveCfg = MinSizeRel|x64
		{F9F823D3-5820-3552-A1A7-C7C2C6C73DFA}.MinSizeRel|x64.Build.0 = MinSizeRel|x64
		{F9F823D3-5820-3552-A1A7-C7C2C6C73DFA}.RelWithDebInfo|x64.ActiveCfg = RelWithDebInfo|x64
		{F9F823D3-5820-3552-A1A7-C7C2C6C73DFA}.RelWithDebInfo|x64.Build.0 = RelWithDebInfo|x64
		{0DBB8326-396B-343D-BB38-AE28D32A9E86}.Debug|x64.ActiveCfg = Debug|x64
		{0DBB8326-396B-343D-BB38-AE28D32A9E86}.Debug|x64.Build.0 = Debug|x64
		{0DBB8326-396B-343D-BB38-AE28D32A9E86}.Release|x64.ActiveCfg = Release|x64
		{0DBB8326-396B-343D-BB38-AE28D32A9E86}.Release|x64.Build.0 = Release|x64
		{0DBB8326-396B-343D-BB38-AE28D32A9E86}.MinSizeRel|x64.ActiveCfg = MinSizeRel|x64
		{0DBB8326-396B-343D-BB38-AE28D32A9E86}.MinSizeRel|x64.Build.0 = MinSizeRel|x64
		{0DBB8326-396B-343D-BB38-AE28D32A9E86}.RelWithDebInfo|x64.ActiveCfg = RelWithDebInfo|x64
		{0DBB8326-396B-343D-BB38-AE28D32A9E86}.RelWithDebInfo|x64.Build.0 = RelWithDebInfo|x64
		{1DA3DD6B-F945-3FB6-9240-B36E279FBCD6}.Debug|x64.ActiveCfg = Debug|x64
		{1DA3DD6B-F945-3FB6-9240-B36E279FBCD6}.Debug|x64.Build.0 = Debug|x64
		{1DA3DD6B-F945-3FB6-9240-B36E279FBCD6}.Release|x64.ActiveCfg = Release|x64
		{1DA3DD6B-F945-3FB6-9240-B36E279FBCD6}.Release|x64.Build.0 = Release|x64
		{1DA3DD6B-F945-3FB6-9240-B36E279FBCD6}.MinSizeRel|x64.ActiveCfg = MinSizeRel|x64
		{1DA3DD6B-F945-3FB6-9240-B36E279FBCD6}.MinSizeRel|x64.Build.0 = MinSizeRel|x64
		{1DA3DD6B-F945-3FB6-9240-B36E279FBCD6}.RelWithDebInfo|x64.ActiveCfg = RelWithDebInfo|x64
		{1DA3DD6B-F945-3FB6-9240-B36E279FBCD6}.RelWithDebInfo|x64.Build.0 = RelWithDebInfo|x64
		{7EEC1DA2-CCD6-3A22-8BFD-BF017991C5EE}.Debug|x64.ActiveCfg = Debug|x64
		{7EEC1DA2-CCD6-3A22-8BFD-BF017991C5EE}.Debug|x64.Build.0 = Debug|x64
		{7EEC1DA2-CCD6-3A22-8BFD-BF017991C5EE}.Release|x64.ActiveCfg = Release|x64
		{7EEC1DA2-CCD6-3A22-8BFD-BF017991C5EE}.Release|x64.Build.0 = Release|x64
		{7EEC1DA2-CCD6-3A22-8BFD-BF017991C5EE}.MinSizeRel|x64.ActiveCfg = MinSizeRel|x64
		{7EEC1DA2-CCD6-3A22-8BFD-BF017991C5EE}.MinSizeRel|x64.Build.0 = MinSizeRel|x64
		{7EEC1DA2-CCD6-3A22-8BFD-BF017991C5EE}.RelWithDebInfo|x64.ActiveCfg = RelWithDebInfo|x64
		{7EEC1DA2-CCD6-3A22-8BFD-BF017991C5EE}.RelWithDebInfo|x64.Build.0 = RelWithDebInfo|x64
		{BBE3C670-5AA9-3964-97CD-0634D9BBBFD4}.Debug|x64.ActiveCfg = Debug|x64
		{BBE3C670-5AA9-3964-97CD-0634D9BBBFD4}.Debug|x64.Build.0 = Debug|x64
		{BBE3C670-5AA9-3964-97CD-0634D9BBBFD4}.Release|x64.ActiveCfg = Release|x64
		{BBE3C670-5AA9-3964-97CD-0634D9BBBFD4}.Release|x64.Build.0 = Release|x64
		{BBE3C670-5AA9-3964-97CD-0634D9BBBFD4}.MinSizeRel|x64.ActiveCfg = MinSizeRel|x64
		{BBE3C670-5AA9-3964-97CD-0634D9BBBFD4}.MinSizeRel|x64.Build.0 = MinSizeRel|x64
		{BBE3C670-5AA9-3964-97CD-0634D9BBBFD4}.RelWithDebInfo|x64.ActiveCfg = RelWithDebInfo|x64
		{BBE3C670-5AA9-3964-97CD-0634D9BBBFD4}.RelWithDebInfo|x64.Build.0 = RelWithDebInfo|x64
		{E8B928F4-23F4-35B8-B46F-7F9419A174F2}.Debug|x64.ActiveCfg = Debug|x64
		{E8B928F4-23F4-35B8-B46F-7F9419A174F2}.Debug|x64.Build.0 = Debug|x64
		{E8B928F4-23F4-35B8-B46F-7F9419A174F2}.Release|x64.ActiveCfg = Release|x64
		{E8B928F4-23F4-35B8-B46F-7F9419A174F2}.Release|x64.Build.0 = Release|x64
		{E8B928F4-23F4-35B8-B46F-7F9419A174F2}.MinSizeRel|x64.ActiveCfg = MinSizeRel|x64
		{E8B928F4-23F4-35B8-B46F-7F9419A174F2}.MinSizeRel|x64.Build.0 = MinSizeRel|x64
		{E8B928F4-23F4-35B8-B46F-7F9419A174F2}.RelWithDebInfo|x64.ActiveCfg = RelWithDebInfo|x64
		{E8B928F4-23F4-35B8-B46F-7F9419A174F2}.RelWithDebInfo|x64.Build.0 = RelWithDebInfo|x64
		{08D86F90-0B68-3204-86F1-7571D240D6F6}.Debug|x64.ActiveCfg = Debug|x64
		{08D86F90-0B68-3204-86F1-7571D240D6F6}.Debug|x64.Build.0 = Debug|x64
		{08D86F90-0B68-3204-86F1-7571D240D6F6}.Release|x64.ActiveCfg = Release|x64
		{08D86F90-0B68-3204-86F1-7571D240D6F6}.Release|x64.Build.0 = Release|x64
		{08D86F90-0B68-3204-86F1-7571D240D6F6}.MinSizeRel|x64.ActiveCfg = MinSizeRel|x64
		{08D86F90-0B68-3204-86F1-7571D240D6F6}.MinSizeRel|x64.Build.0 = MinSizeRel|x64
		{08D86F90-0B68-3204-86F1-7571D240D6F6}.RelWithDebInfo|x64.ActiveCfg = RelWithDebInfo|x64
		{08D86F90-0B68-3204-86F1-7571D240D6F6}.RelWithDebInfo|x64.Build.0 = RelWithDebInfo|x64
		{5F82A123-93A7-3F7F-B2B4-E8AA6BB9DB44}.Debug|x64.ActiveCfg = Debug|x64
		{5F82A123-93A7-3F7F-B2B4-E8AA6BB9DB44}.Debug|x64.Build.0 = Debug|x64
		{5F82A123-93A7-3F7F-B2B4-E8AA6BB9DB44}.Release|x64.ActiveCfg = Release|x64
		{5F82A123-93A7-3F7F-B2B4-E8AA6BB9DB44}.Release|x64.Build.0 = Release|x64
		{5F82A123-93A7-3F7F-B2B4-E8AA6BB9DB44}.MinSizeRel|x64.ActiveCfg = MinSizeRel|x64
		{5F82A123-93A7-3F7F-B2B4-E8AA6BB9DB44}.MinSizeRel|x64.Build.0 = MinSizeRel|x64
		{5F82A123-93A7-3F7F-B2B4-E8AA6BB9DB44}.RelWithDebInfo|x64.ActiveCfg = RelWithDebInfo|x64
		{5F82A123-93A7-3F7F-B2B4-E8AA6BB9DB44}.RelWithDebInfo|x64.Build.0 = RelWithDebInfo|x64
		{4916E42B-3CAB-3AB0-A36B-36018ED03D4A}.Debug|x64.ActiveCfg = Debug|x64
		{4916E42B-3CAB-3AB0-A36B-36018ED03D4A}.Debug|x64.Build.0 = Debug|x64
		{4916E42B-3CAB-3AB0-A36B-36018ED03D4A}.Release|x64.ActiveCfg = Release|x64
		{4916E42B-3CAB-3AB0-A36B-36018ED03D4A}.Release|x64.Build.0 = Release|x64
		{4916E42B-3CAB-3AB0-A36B-36018ED03D4A}.MinSizeRel|x64.ActiveCfg = MinSizeRel|x64
		{4916E42B-3CAB-3AB0-A36B-36018ED03D4A}.MinSizeRel|x64.Build.0 = MinSizeRel|x64
		{4916E42B-3CAB-3AB0-A36B-36018ED03D4A}.RelWithDebInfo|x64.ActiveCfg = RelWithDebInfo|x64
		{4916E42B-3CAB-3AB0-A36B-36018ED03D4A}.RelWithDebInfo|x64.Build.0 = RelWithDebInfo|x64
		{F57EF460-62EE-3438-81E7-170FCBB4A707}.Debug|x64.ActiveCfg = Debug|x64
		{F57EF460-62EE-3438-81E7-170FCBB4A707}.Debug|x64.Build.0 = Debug|x64
		{F57EF460-62EE-3438-81E7-170FCBB4A707}.Release|x64.ActiveCfg = Release|x64
		{F57EF460-62EE-3438-81E7-170FCBB4A707}.Release|x64.Build.0 = Release|x64
		{F57EF460-62EE-3438-81E7-170FCBB4A707}.MinSizeRel|x64.ActiveCfg = MinSizeRel|x64
		{F57EF460-62EE-3438-81E7-170FCBB4A707}.MinSizeRel|x64.Build.0 = MinSizeRel|x64
		{F57EF460-62EE-3438-81E7-170FCBB4A707}.RelWithDebInfo|x64.ActiveCfg = RelWithDebInfo|x64
		{F57EF460-62EE-3438-81E7-170FCBB4A707}.RelWithDebInfo|x64.Build.0 = RelWithDebInfo|x64
		{532ECE11-97EC-3674-8745-166393287418}.Debug|x64.ActiveCfg = Debug|x64
		{532ECE11-97EC-3674-8745-166393287418}.Debug|x64.Build.0 = Debug|x64
		{532ECE11-97EC-3674-8745-166393287418}.Release|x64.ActiveCfg = Release|x64
		{532ECE11-97EC-3674-8745-166393287418}.Release|x64.Build.0 = Release|x64
		{532ECE11-97EC-3674-8745-166393287418}.MinSizeRel|x64.ActiveCfg = MinSizeRel|x64
		{532ECE11-97EC-3674-8745-166393287418}.MinSizeRel|x64.Build.0 = MinSizeRel|x64
		{532ECE11-97EC-3674-8745-166393287418}.RelWithDebInfo|x64.ActiveCfg = RelWithDebInfo|x64
		{532ECE11-97EC-3674-8745-166393287418}.RelWithDebInfo|x64.Build.0 = RelWithDebInfo|x64
		{27855CEA-6A5F-313D-90B9-347E0986987F}.Debug|x64.ActiveCfg = Debug|x64
		{27855CEA-6A5F-313D-90B9-347E0986987F}.Debug|x64.Build.0 = Debug|x64
		{27855CEA-6A5F-313D-90B9-347E0986987F}.Release|x64.ActiveCfg = Release|x64
		{27855CEA-6A5F-313D-90B9-347E0986987F}.Release|x64.Build.0 = Release|x64
		{27855CEA-6A5F-313D-90B9-347E0986987F}.MinSizeRel|x64.ActiveCfg = MinSizeRel|x64
		{27855CEA-6A5F-313D-90B9-347E0986987F}.MinSizeRel|x64.Build.0 = MinSizeRel|x64
		{27855CEA-6A5F-313D-90B9-347E0986987F}.RelWithDebInfo|x64.ActiveCfg = RelWithDebInfo|x64
		{27855CEA-6A5F-313D-90B9-347E0986987F}.RelWithDebInfo|x64.Build.0 = RelWithDebInfo|x64
		{8E492A1A-77C4-344D-BBA4-AF4369CFCE4D}.Debug|x64.ActiveCfg = Debug|x64
		{8E492A1A-77C4-344D-BBA4-AF4369CFCE4D}.Debug|x64.Build.0 = Debug|x64
		{8E492A1A-77C4-344D-BBA4-AF4369CFCE4D}.Release|x64.ActiveCfg = Release|x64
		{8E492A1A-77C4-344D-BBA4-AF4369CFCE4D}.Release|x64.Build.0 = Release|x64
		{8E492A1A-77C4-344D-BBA4-AF4369CFCE4D}.MinSizeRel|x64.ActiveCfg = MinSizeRel|x64
		{8E492A1A-77C4-344D-BBA4-AF4369CFCE4D}.MinSizeRel|x64.Build.0 = MinSizeRel|x64
		{8E492A1A-77C4-344D-BBA4-AF4369CFCE4D}.RelWithDebInfo|x64.ActiveCfg = RelWithDebInfo|x64
		{8E492A1A-77C4-344D-BBA4-AF4369CFCE4D}.RelWithDebInfo|x64.Build.0 = RelWithDebInfo|x64
		{C0D2E958-E596-3025-A9B3-011F95083D4B}.Debug|x64.ActiveCfg = Debug|x64
		{C0D2E958-E596-3025-A9B3-011F95083D4B}.Debug|x64.Build.0 = Debug|x64
		{C0D2E958-E596-3025-A9B3-011F95083D4B}.Release|x64.ActiveCfg = Release|x64
		{C0D2E958-E596-3025-A9B3-011F95083D4B}.Release|x64.Build.0 = Release|x64
		{C0D2E958-E596-3025-A9B3-011F95083D4B}.MinSizeRel|x64.ActiveCfg = MinSizeRel|x64
		{C0D2E958-E596-3025-A9B3-011F95083D4B}.MinSizeRel|x64.Build.0 = MinSizeRel|x64
		{C0D2E958-E596-3025-A9B3-011F95083D4B}.RelWithDebInfo|x64.ActiveCfg = RelWithDebInfo|x64
		{C0D2E958-E596-3025-A9B3-011F95083D4B}.RelWithDebInfo|x64.Build.0 = RelWithDebInfo|x64
		{EFA0C637-E5D6-3C13-BECA-0DF4D0A5B7E9}.Debug|x64.ActiveCfg = Debug|x64
		{EFA0C637-E5D6-3C13-BECA-0DF4D0A5B7E9}.Debug|x64.Build.0 = Debug|x64
		{EFA0C637-E5D6-3C13-BECA-0DF4D0A5B7E9}.Release|x64.ActiveCfg = Release|x64
		{EFA0C637-E5D6-3C13-BECA-0DF4D0A5B7E9}.Release|x64.Build.0 = Release|x64
		{EFA0C637-E5D6-3C13-BECA-0DF4D0A5B7E9}.MinSizeRel|x64.ActiveCfg = MinSizeRel|x64
		{EFA0C637-E5D6-3C13-BECA-0DF4D0A5B7E9}.MinSizeRel|x64.Build.0 = MinSizeRel|x64
		{EFA0C637-E5D6-3C13-BECA-0DF4D0A5B7E9}.RelWithDebInfo|x64.ActiveCfg = RelWithDebInfo|x64
		{EFA0C637-E5D6-3C13-BECA-0DF4D0A5B7E9}.RelWithDebInfo|x64.Build.0 = RelWithDebInfo|x64
		{550C3A81-65F0-37B3-8E17-AB553852EC4C}.Debug|x64.ActiveCfg = Debug|x64
		{550C3A81-65F0-37B3-8E17-AB553852EC4C}.Debug|x64.Build.0 = Debug|x64
		{550C3A81-65F0-37B3-8E17-AB553852EC4C}.Release|x64.ActiveCfg = Release|x64
		{550C3A81-65F0-37B3-8E17-AB553852EC4C}.Release|x64.Build.0 = Release|x64
		{550C3A81-65F0-37B3-8E17-AB553852EC4C}.MinSizeRel|x64.ActiveCfg = MinSizeRel|x64
		{550C3A81-65F0-37B3-8E17-AB553852EC4C}.MinSizeRel|x64.Build.0 = MinSizeRel|x64
		{550C3A81-65F0-37B3-8E17-AB553852EC4C}.RelWithDebInfo|x64.ActiveCfg = RelWithDebInfo|x64
		{550C3A81-65F0-37B3-8E17-AB553852EC4C}.RelWithDebInfo|x64.Build.0 = RelWithDebInfo|x64
		{4F649E6E-C47D-3165-9D75-953C9B2FFE64}.Debug|x64.ActiveCfg = Debug|x64
		{4F649E6E-C47D-3165-9D75-953C9B2FFE64}.Debug|x64.Build.0 = Debug|x64
		{4F649E6E-C47D-3165-9D75-953C9B2FFE64}.Release|x64.ActiveCfg = Release|x64
		{4F649E6E-C47D-3165-9D75-953C9B2FFE64}.Release|x64.Build.0 = Release|x64
		{4F649E6E-C47D-3165-9D75-953C9B2FFE64}.MinSizeRel|x64.ActiveCfg = MinSizeRel|x64
		{4F649E6E-C47D-3165-9D75-953C9B2FFE64}.MinSizeRel|x64.Build.0 = MinSizeRel|x64
		{4F649E6E-C47D-3165-9D75-953C9B2FFE64}.RelWithDebInfo|x64.ActiveCfg = RelWithDebInfo|x64
		{4F649E6E-C47D-3165-9D75-953C9B2FFE64}.RelWithDebInfo|x64.Build.0 = RelWithDebInfo|x64
		{672332A7-2C68-354C-9012-A48F21CD0F12}.Debug|x64.ActiveCfg = Debug|x64
		{672332A7-2C68-354C-9012-A48F21CD0F12}.Debug|x64.Build.0 = Debug|x64
		{672332A7-2C68-354C-9012-A48F21CD0F12}.Release|x64.ActiveCfg = Release|x64
		{672332A7-2C68-354C-9012-A48F21CD0F12}.Release|x64.Build.0 = Release|x64
		{672332A7-2C68-354C-9012-A48F21CD0F12}.MinSizeRel|x64.ActiveCfg = MinSizeRel|x64
		{672332A7-2C68-354C-9012-A48F21CD0F12}.MinSizeRel|x64.Build.0 = MinSizeRel|x64
		{672332A7-2C68-354C-9012-A48F21CD0F12}.RelWithDebInfo|x64.ActiveCfg = RelWithDebInfo|x64
		{672332A7-2C68-354C-9012-A48F21CD0F12}.RelWithDebInfo|x64.Build.0 = RelWithDebInfo|x64
		{3005B1C9-758B-3BAF-A508-0CE01291F422}.Debug|x64.ActiveCfg = Debug|x64
		{3005B1C9-758B-3BAF-A508-0CE01291F422}.Debug|x64.Build.0 = Debug|x64
		{3005B1C9-758B-3BAF-A508-0CE01291F422}.Release|x64.ActiveCfg = Release|x64
		{3005B1C9-758B-3BAF-A508-0CE01291F422}.Release|x64.Build.0 = Release|x64
		{3005B1C9-758B-3BAF-A508-0CE01291F422}.MinSizeRel|x64.ActiveCfg = MinSizeRel|x64
		{3005B1C9-758B-3BAF-A508-0CE01291F422}.MinSizeRel|x64.Build.0 = MinSizeRel|x64
		{3005B1C9-758B-3BAF-A508-0CE01291F422}.RelWithDebInfo|x64.ActiveCfg = RelWithDebInfo|x64
		{3005B1C9-758B-3BAF-A508-0CE01291F422}.RelWithDebInfo|x64.Build.0 = RelWithDebInfo|x64
		{B180BCB1-A975-35FD-A239-077C69D7773C}.Debug|x64.ActiveCfg = Debug|x64
		{B180BCB1-A975-35FD-A239-077C69D7773C}.Debug|x64.Build.0 = Debug|x64
		{B180BCB1-A975-35FD-A239-077C69D7773C}.Release|x64.ActiveCfg = Release|x64
		{B180BCB1-A975-35FD-A239-077C69D7773C}.Release|x64.Build.0 = Release|x64
		{B180BCB1-A975-35FD-A239-077C69D7773C}.MinSizeRel|x64.ActiveCfg = MinSizeRel|x64
		{B180BCB1-A975-35FD-A239-077C69D7773C}.MinSizeRel|x64.Build.0 = MinSizeRel|x64
		{B180BCB1-A975-35FD-A239-077C69D7773C}.RelWithDebInfo|x64.ActiveCfg = RelWithDebInfo|x64
		{B180BCB1-A975-35FD-A239-077C69D7773C}.RelWithDebInfo|x64.Build.0 = RelWithDebInfo|x64
		{4377A07D-C982-319E-A4D9-23B79216C356}.Debug|x64.ActiveCfg = Debug|x64
		{4377A07D-C982-319E-A4D9-23B79216C356}.Release|x64.ActiveCfg = Release|x64
		{4377A07D-C982-319E-A4D9-23B79216C356}.MinSizeRel|x64.ActiveCfg = MinSizeRel|x64
		{4377A07D-C982-319E-A4D9-23B79216C356}.RelWithDebInfo|x64.ActiveCfg = RelWithDebInfo|x64
		{83BA388B-E8BF-3B0C-A093-589052D4F1E6}.Debug|x64.ActiveCfg = Debug|x64
		{83BA388B-E8BF-3B0C-A093-589052D4F1E6}.Release|x64.ActiveCfg = Release|x64
		{83BA388B-E8BF-3B0C-A093-589052D4F1E6}.MinSizeRel|x64.ActiveCfg = MinSizeRel|x64
		{83BA388B-E8BF-3B0C-A093-589052D4F1E6}.RelWithDebInfo|x64.ActiveCfg = RelWithDebInfo|x64
		{FDE06CF7-6543-3A08-A228-F049A6DF67A1}.Debug|x64.ActiveCfg = Debug|x64
		{FDE06CF7-6543-3A08-A228-F049A6DF67A1}.Debug|x64.Build.0 = Debug|x64
		{FDE06CF7-6543-3A08-A228-F049A6DF67A1}.Release|x64.ActiveCfg = Release|x64
		{FDE06CF7-6543-3A08-A228-F049A6DF67A1}.Release|x64.Build.0 = Release|x64
		{FDE06CF7-6543-3A08-A228-F049A6DF67A1}.MinSizeRel|x64.ActiveCfg = MinSizeRel|x64
		{FDE06CF7-6543-3A08-A228-F049A6DF67A1}.MinSizeRel|x64.Build.0 = MinSizeRel|x64
		{FDE06CF7-6543-3A08-A228-F049A6DF67A1}.RelWithDebInfo|x64.ActiveCfg = RelWithDebInfo|x64
		{FDE06CF7-6543-3A08-A228-F049A6DF67A1}.RelWithDebInfo|x64.Build.0 = RelWithDebInfo|x64
		{0A444004-87BF-30F1-9CBE-A249659BEE58}.Debug|x64.ActiveCfg = Debug|x64
		{0A444004-87BF-30F1-9CBE-A249659BEE58}.Debug|x64.Build.0 = Debug|x64
		{0A444004-87BF-30F1-9CBE-A249659BEE58}.Release|x64.ActiveCfg = Release|x64
		{0A444004-87BF-30F1-9CBE-A249659BEE58}.Release|x64.Build.0 = Release|x64
		{0A444004-87BF-30F1-9CBE-A249659BEE58}.MinSizeRel|x64.ActiveCfg = MinSizeRel|x64
		{0A444004-87BF-30F1-9CBE-A249659BEE58}.MinSizeRel|x64.Build.0 = MinSizeRel|x64
		{0A444004-87BF-30F1-9CBE-A249659BEE58}.RelWithDebInfo|x64.ActiveCfg = RelWithDebInfo|x64
		{0A444004-87BF-30F1-9CBE-A249659BEE58}.RelWithDebInfo|x64.Build.0 = RelWithDebInfo|x64
	EndGlobalSection
	GlobalSection(NestedProjects) = preSolution
		{3EE47302-61A1-3706-85BB-3073A2E8BC1C} = {FAAAEE4C-55CE-3139-A572-D890DC038D98}
		{DA2F93A0-61CC-3857-9092-A8944740E449} = {FAAAEE4C-55CE-3139-A572-D890DC038D98}
		{06CC7445-596C-3073-983A-97234FFE3CF2} = {FAAAEE4C-55CE-3139-A572-D890DC038D98}
		{947BD56F-43D0-3AAE-A9B9-01E337E32B66} = {2C90287F-E2D0-345D-A612-8FBF5BDE20FF}
		{E2849ACF-6BAE-3726-8294-2BCB3A2ADD5B} = {2C90287F-E2D0-345D-A612-8FBF5BDE20FF}
		{7105138F-415C-3D17-9BE6-AA7EB9A6AD1E} = {2C90287F-E2D0-345D-A612-8FBF5BDE20FF}
		{4377A07D-C982-319E-A4D9-23B79216C356} = {2C90287F-E2D0-345D-A612-8FBF5BDE20FF}
		{83BA388B-E8BF-3B0C-A093-589052D4F1E6} = {2C90287F-E2D0-345D-A612-8FBF5BDE20FF}
		{94AA0F68-E91B-3FAC-9FC0-2E8539346E7C} = {947BD56F-43D0-3AAE-A9B9-01E337E32B66}
		{BB889994-85D9-37B8-B180-B90E2041B45C} = {947BD56F-43D0-3AAE-A9B9-01E337E32B66}
		{0DBB8326-396B-343D-BB38-AE28D32A9E86} = {947BD56F-43D0-3AAE-A9B9-01E337E32B66}
		{4916E42B-3CAB-3AB0-A36B-36018ED03D4A} = {947BD56F-43D0-3AAE-A9B9-01E337E32B66}
		{532ECE11-97EC-3674-8745-166393287418} = {947BD56F-43D0-3AAE-A9B9-01E337E32B66}
		{8E492A1A-77C4-344D-BBA4-AF4369CFCE4D} = {947BD56F-43D0-3AAE-A9B9-01E337E32B66}
		{C0D2E958-E596-3025-A9B3-011F95083D4B} = {947BD56F-43D0-3AAE-A9B9-01E337E32B66}
		{EFA0C637-E5D6-3C13-BECA-0DF4D0A5B7E9} = {947BD56F-43D0-3AAE-A9B9-01E337E32B66}
		{FDE06CF7-6543-3A08-A228-F049A6DF67A1} = {947BD56F-43D0-3AAE-A9B9-01E337E32B66}
		{8D0BD263-3C77-334C-A32D-BE59440C24DB} = {E2849ACF-6BAE-3726-8294-2BCB3A2ADD5B}
		{DEDF13A8-4E63-3AFA-8C7A-D05B5828BC54} = {E2849ACF-6BAE-3726-8294-2BCB3A2ADD5B}
		{354D9943-750F-3682-AC93-B516EE160CB6} = {E2849ACF-6BAE-3726-8294-2BCB3A2ADD5B}
		{D6C88B59-C17E-31EE-A38E-E9E2C2883ECF} = {E2849ACF-6BAE-3726-8294-2BCB3A2ADD5B}
		{89747938-F6E9-3D8C-AB6A-DC9E0CF5C90D} = {E2849ACF-6BAE-3726-8294-2BCB3A2ADD5B}
		{F9F823D3-5820-3552-A1A7-C7C2C6C73DFA} = {E2849ACF-6BAE-3726-8294-2BCB3A2ADD5B}
		{1DA3DD6B-F945-3FB6-9240-B36E279FBCD6} = {E2849ACF-6BAE-3726-8294-2BCB3A2ADD5B}
		{7EEC1DA2-CCD6-3A22-8BFD-BF017991C5EE} = {E2849ACF-6BAE-3726-8294-2BCB3A2ADD5B}
		{BBE3C670-5AA9-3964-97CD-0634D9BBBFD4} = {E2849ACF-6BAE-3726-8294-2BCB3A2ADD5B}
		{E8B928F4-23F4-35B8-B46F-7F9419A174F2} = {E2849ACF-6BAE-3726-8294-2BCB3A2ADD5B}
		{08D86F90-0B68-3204-86F1-7571D240D6F6} = {E2849ACF-6BAE-3726-8294-2BCB3A2ADD5B}
		{5F82A123-93A7-3F7F-B2B4-E8AA6BB9DB44} = {E2849ACF-6BAE-3726-8294-2BCB3A2ADD5B}
		{F57EF460-62EE-3438-81E7-170FCBB4A707} = {E2849ACF-6BAE-3726-8294-2BCB3A2ADD5B}
		{27855CEA-6A5F-313D-90B9-347E0986987F} = {E2849ACF-6BAE-3726-8294-2BCB3A2ADD5B}
		{550C3A81-65F0-37B3-8E17-AB553852EC4C} = {E2849ACF-6BAE-3726-8294-2BCB3A2ADD5B}
		{4F649E6E-C47D-3165-9D75-953C9B2FFE64} = {E2849ACF-6BAE-3726-8294-2BCB3A2ADD5B}
		{672332A7-2C68-354C-9012-A48F21CD0F12} = {E2849ACF-6BAE-3726-8294-2BCB3A2ADD5B}
		{3005B1C9-758B-3BAF-A508-0CE01291F422} = {E2849ACF-6BAE-3726-8294-2BCB3A2ADD5B}
		{B180BCB1-A975-35FD-A239-077C69D7773C} = {E2849ACF-6BAE-3726-8294-2BCB3A2ADD5B}
		{0A444004-87BF-30F1-9CBE-A249659BEE58} = {E2849ACF-6BAE-3726-8294-2BCB3A2ADD5B}
	EndGlobalSection
	GlobalSection(ExtensibilityGlobals) = postSolution
		SolutionGuid = {0306493E-E70C-37F7-81BB-CA4731398F66}
	EndGlobalSection
	GlobalSection(ExtensibilityAddIns) = postSolution
	EndGlobalSection
EndGlobal
