<?xml version="1.0" encoding="utf-8"?>
<Project ToolsVersion="17.0" xmlns="http://schemas.microsoft.com/developer/msbuild/2003">
  <ItemGroup>
    <CustomBuild Include="E:\Projects\OpenGL\glfw-3.3.8\build\CMakeFiles\b9e21c16727b37d8d88c09201acedd2a\INSTALL_force.rule">
      <Filter>CMake Rules</Filter>
    </CustomBuild>
  </ItemGroup>
  <ItemGroup>
    <Filter Include="CMake Rules">
      <UniqueIdentifier>{A7069B41-7A5E-36FC-AC39-773FDB1DE11F}</UniqueIdentifier>
    </Filter>
  </ItemGroup>
</Project>
