<?xml version="1.0" encoding="utf-8"?>
<Project ToolsVersion="17.0" xmlns="http://schemas.microsoft.com/developer/msbuild/2003">
  <ItemGroup>
    <ClCompile Include="E:\Projects\OpenGL\glfw-3.3.8\glfw-3.3.8\tests\windows.c">
      <Filter>Source Files</Filter>
    </ClCompile>
    <ClCompile Include="E:\Projects\OpenGL\glfw-3.3.8\glfw-3.3.8\deps\getopt.c">
      <Filter>Source Files</Filter>
    </ClCompile>
    <ClCompile Include="E:\Projects\OpenGL\glfw-3.3.8\glfw-3.3.8\deps\glad_gl.c">
      <Filter>Source Files</Filter>
    </ClCompile>
  </ItemGroup>
  <ItemGroup>
    <ClInclude Include="E:\Projects\OpenGL\glfw-3.3.8\glfw-3.3.8\deps\getopt.h">
      <Filter>Header Files</Filter>
    </ClInclude>
    <ClInclude Include="E:\Projects\OpenGL\glfw-3.3.8\glfw-3.3.8\deps\glad\gl.h">
      <Filter>Header Files</Filter>
    </ClInclude>
  </ItemGroup>
  <ItemGroup>
    <CustomBuild Include="E:\Projects\OpenGL\glfw-3.3.8\glfw-3.3.8\tests\CMakeLists.txt" />
  </ItemGroup>
  <ItemGroup>
    <Filter Include="Header Files">
      <UniqueIdentifier>{D37B603C-DB6E-3EC9-A1A6-690EFA24C0BC}</UniqueIdentifier>
    </Filter>
    <Filter Include="Source Files">
      <UniqueIdentifier>{AB28BF5D-345F-3542-81CD-72B7EEB5E3D0}</UniqueIdentifier>
    </Filter>
  </ItemGroup>
</Project>
