<?xml version="1.0" encoding="utf-8"?>
<Project ToolsVersion="17.0" xmlns="http://schemas.microsoft.com/developer/msbuild/2003">
  <ItemGroup>
    <CustomBuild Include="E:\Projects\OpenGL\glfw-3.3.8\build\CMakeFiles\989cd5b51f89f8d19cd29d0d2f3a3543\INSTALL_force.rule">
      <Filter>CMake Rules</Filter>
    </CustomBuild>
  </ItemGroup>
  <ItemGroup>
    <Filter Include="CMake Rules">
      <UniqueIdentifier>{A7069B41-7A5E-36FC-AC39-773FDB1DE11F}</UniqueIdentifier>
    </Filter>
  </ItemGroup>
</Project>
